
Microsoft Visual Studio Solution File, Format Version 12.00
# Visual Studio 15
VisualStudioVersion = 15.0.28307.329
MinimumVisualStudioVersion = 10.0.40219.1
Project("{9A19103F-16F7-4668-BE54-9A1E7A4F7556}") = "Ron.SignalRLesson2", "Ron.SignalRLesson2\Ron.SignalRLesson2.csproj", "{8628203B-1E7D-46F7-B165-DCBDCD8701E8}"
EndProject
Project("{FAE04EC0-301F-11D3-BF4B-00C04F79EFBC}") = "SignalRChatClient", "SignalRChatClient\SignalRChatClient.csproj", "{2399368A-C565-4B13-94C6-9FFC0BE8D867}"
EndProject
Project("{9A19103F-16F7-4668-BE54-9A1E7A4F7556}") = "Invio.Extensions.Authentication.JwtBearer", "..\..\..\..\07\Invio.Extensions.Authentication.JwtBearer-master\src\Invio.Extensions.Authentication.JwtBearer\Invio.Extensions.Authentication.JwtBearer.csproj", "{D7143126-F2A0-4231-8E31-C543D0985DB8}"
EndProject
Global
	GlobalSection(SolutionConfigurationPlatforms) = preSolution
		Debug|Any CPU = Debug|Any CPU
		Release|Any CPU = Release|Any CPU
	EndGlobalSection
	GlobalSection(ProjectConfigurationPlatforms) = postSolution
		{8628203B-1E7D-46F7-B165-DCBDCD8701E8}.Debug|Any CPU.ActiveCfg = Debug|Any CPU
		{8628203B-1E7D-46F7-B165-DCBDCD8701E8}.Debug|Any CPU.Build.0 = Debug|Any CPU
		{8628203B-1E7D-46F7-B165-DCBDCD8701E8}.Release|Any CPU.ActiveCfg = Release|Any CPU
		{8628203B-1E7D-46F7-B165-DCBDCD8701E8}.Release|Any CPU.Build.0 = Release|Any CPU
		{2399368A-C565-4B13-94C6-9FFC0BE8D867}.Debug|Any CPU.ActiveCfg = Debug|Any CPU
		{2399368A-C565-4B13-94C6-9FFC0BE8D867}.Debug|Any CPU.Build.0 = Debug|Any CPU
		{2399368A-C565-4B13-94C6-9FFC0BE8D867}.Release|Any CPU.ActiveCfg = Release|Any CPU
		{2399368A-C565-4B13-94C6-9FFC0BE8D867}.Release|Any CPU.Build.0 = Release|Any CPU
		{D7143126-F2A0-4231-8E31-C543D0985DB8}.Debug|Any CPU.ActiveCfg = Debug|Any CPU
		{D7143126-F2A0-4231-8E31-C543D0985DB8}.Debug|Any CPU.Build.0 = Debug|Any CPU
		{D7143126-F2A0-4231-8E31-C543D0985DB8}.Release|Any CPU.ActiveCfg = Release|Any CPU
		{D7143126-F2A0-4231-8E31-C543D0985DB8}.Release|Any CPU.Build.0 = Release|Any CPU
	EndGlobalSection
	GlobalSection(SolutionProperties) = preSolution
		HideSolutionNode = FALSE
	EndGlobalSection
	GlobalSection(ExtensibilityGlobals) = postSolution
		SolutionGuid = {EB7A095D-E85F-4D0E-8064-20ED7E1FFB71}
	EndGlobalSection
EndGlobal
